
Microsoft Visual Studio Solution File, Format Version 12.00
# Visual Studio Version 16
VisualStudioVersion = 16.0.32901.82
MinimumVisualStudioVersion = 10.0.40219.1
Project("{FAE04EC0-301F-11D3-BF4B-00C04F79EFBC}") = "WebAPI_Tutorial_dotNet3.1", "WebAPI_Tutorial_dotNet3.1\WebAPI_Tutorial_dotNet3.1.csproj", "{574E211F-FFD1-4AB6-9402-BFFEF77D35E7}"
EndProject
Global
	GlobalSection(SolutionConfigurationPlatforms) = preSolution
		Debug|Any CPU = Debug|Any CPU
		Release|Any CPU = Release|Any CPU
	EndGlobalSection
	GlobalSection(ProjectConfigurationPlatforms) = postSolution
		{574E211F-FFD1-4AB6-9402-BFFEF77D35E7}.Debug|Any CPU.ActiveCfg = Debug|Any CPU
		{574E211F-FFD1-4AB6-9402-BFFEF77D35E7}.Debug|Any CPU.Build.0 = Debug|Any CPU
		{574E211F-FFD1-4AB6-9402-BFFEF77D35E7}.Release|Any CPU.ActiveCfg = Release|Any CPU
		{574E211F-FFD1-4AB6-9402-BFFEF77D35E7}.Release|Any CPU.Build.0 = Release|Any CPU
	EndGlobalSection
	GlobalSection(SolutionProperties) = preSolution
		HideSolutionNode = FALSE
	EndGlobalSection
	GlobalSection(ExtensibilityGlobals) = postSolution
		SolutionGuid = {3CA817D1-54DC-4FC0-9572-A1FDAB0DB494}
	EndGlobalSection
EndGlobal
